
Microsoft Visual Studio Solution File, Format Version 12.00
# Visual Studio Version 17
VisualStudioVersion = 17.14.36203.30 d17.14
MinimumVisualStudioVersion = 10.0.40219.1
Project("{FAE04EC0-301F-11D3-BF4B-00C04F79EFBC}") = "Day Of The Week", "Day Of The Week\Day Of The Week.csproj", "{00981061-D238-4346-859E-D62F01950FFE}"
EndProject
Global
	GlobalSection(SolutionConfigurationPlatforms) = preSolution
		Debug|Any CPU = Debug|Any CPU
		Release|Any CPU = Release|Any CPU
	EndGlobalSection
	GlobalSection(ProjectConfigurationPlatforms) = postSolution
		{00981061-D238-4346-859E-D62F01950FFE}.Debug|Any CPU.ActiveCfg = Debug|Any CPU
		{00981061-D238-4346-859E-D62F01950FFE}.Debug|Any CPU.Build.0 = Debug|Any CPU
		{00981061-D238-4346-859E-D62F01950FFE}.Release|Any CPU.ActiveCfg = Release|Any CPU
		{00981061-D238-4346-859E-D62F01950FFE}.Release|Any CPU.Build.0 = Release|Any CPU
	EndGlobalSection
	GlobalSection(SolutionProperties) = preSolution
		HideSolutionNode = FALSE
	EndGlobalSection
	GlobalSection(ExtensibilityGlobals) = postSolution
		SolutionGuid = {2B51F3B7-2151-4AA6-84CA-773551039BA0}
	EndGlobalSection
EndGlobal
